
Microsoft Visual Studio Solution File, Format Version 12.00
# Visual Studio 15
VisualStudioVersion = 15.0.27004.2006
MinimumVisualStudioVersion = 10.0.40219.1
Project("{2150E333-8FDC-42A3-9474-1A3956D46DE8}") = "Algorithms", "Algorithms", "{02B04E51-EB80-4933-B2BA-72241B111023}"
EndProject
Project("{2150E333-8FDC-42A3-9474-1A3956D46DE8}") = "Tests", "Tests", "{56C371CB-5474-40E1-BC3B-2885A3509E43}"
EndProject
Project("{9A19103F-16F7-4668-BE54-9A1E7A4F7556}") = "LeetCode", "LeetCode\LeetCode.csproj", "{3DEC134E-9A36-4280-A9F3-04E1607FCD7E}"
EndProject
Project("{9A19103F-16F7-4668-BE54-9A1E7A4F7556}") = "LeetCode Tests", "LeetCode Tests\LeetCode Tests.csproj", "{A69B008B-1845-44CD-90BA-B1C8848AD280}"
EndProject
Global
	GlobalSection(SolutionConfigurationPlatforms) = preSolution
		Debug|Any CPU = Debug|Any CPU
		Release|Any CPU = Release|Any CPU
	EndGlobalSection
	GlobalSection(ProjectConfigurationPlatforms) = postSolution
		{3DEC134E-9A36-4280-A9F3-04E1607FCD7E}.Debug|Any CPU.ActiveCfg = Debug|Any CPU
		{3DEC134E-9A36-4280-A9F3-04E1607FCD7E}.Debug|Any CPU.Build.0 = Debug|Any CPU
		{3DEC134E-9A36-4280-A9F3-04E1607FCD7E}.Release|Any CPU.ActiveCfg = Release|Any CPU
		{3DEC134E-9A36-4280-A9F3-04E1607FCD7E}.Release|Any CPU.Build.0 = Release|Any CPU
		{A69B008B-1845-44CD-90BA-B1C8848AD280}.Debug|Any CPU.ActiveCfg = Debug|Any CPU
		{A69B008B-1845-44CD-90BA-B1C8848AD280}.Debug|Any CPU.Build.0 = Debug|Any CPU
		{A69B008B-1845-44CD-90BA-B1C8848AD280}.Release|Any CPU.ActiveCfg = Release|Any CPU
		{A69B008B-1845-44CD-90BA-B1C8848AD280}.Release|Any CPU.Build.0 = Release|Any CPU
	EndGlobalSection
	GlobalSection(SolutionProperties) = preSolution
		HideSolutionNode = FALSE
	EndGlobalSection
	GlobalSection(NestedProjects) = preSolution
		{56C371CB-5474-40E1-BC3B-2885A3509E43} = {02B04E51-EB80-4933-B2BA-72241B111023}
		{3DEC134E-9A36-4280-A9F3-04E1607FCD7E} = {02B04E51-EB80-4933-B2BA-72241B111023}
		{A69B008B-1845-44CD-90BA-B1C8848AD280} = {56C371CB-5474-40E1-BC3B-2885A3509E43}
	EndGlobalSection
	GlobalSection(ExtensibilityGlobals) = postSolution
		SolutionGuid = {A111E9E9-A6B3-46BB-8190-C7B47F8079B1}
	EndGlobalSection
EndGlobal
