
Microsoft Visual Studio Solution File, Format Version 12.00
# Visual Studio 15
VisualStudioVersion = 15.0.27130.2010
MinimumVisualStudioVersion = 10.0.40219.1
Project("{9A19103F-16F7-4668-BE54-9A1E7A4F7556}") = "Challenges", "Challenges\Challenges.csproj", "{949468E5-D95D-49A0-90E8-A12B312D3F29}"
EndProject
Project("{9A19103F-16F7-4668-BE54-9A1E7A4F7556}") = "Tests", "Tests\Tests.csproj", "{D1CBFC79-8A31-4E7D-A692-8B6D54FF61EC}"
EndProject
Global
	GlobalSection(SolutionConfigurationPlatforms) = preSolution
		Debug|Any CPU = Debug|Any CPU
		Release|Any CPU = Release|Any CPU
	EndGlobalSection
	GlobalSection(ProjectConfigurationPlatforms) = postSolution
		{949468E5-D95D-49A0-90E8-A12B312D3F29}.Debug|Any CPU.ActiveCfg = Debug|Any CPU
		{949468E5-D95D-49A0-90E8-A12B312D3F29}.Debug|Any CPU.Build.0 = Debug|Any CPU
		{949468E5-D95D-49A0-90E8-A12B312D3F29}.Release|Any CPU.ActiveCfg = Release|Any CPU
		{949468E5-D95D-49A0-90E8-A12B312D3F29}.Release|Any CPU.Build.0 = Release|Any CPU
		{D1CBFC79-8A31-4E7D-A692-8B6D54FF61EC}.Debug|Any CPU.ActiveCfg = Debug|Any CPU
		{D1CBFC79-8A31-4E7D-A692-8B6D54FF61EC}.Debug|Any CPU.Build.0 = Debug|Any CPU
		{D1CBFC79-8A31-4E7D-A692-8B6D54FF61EC}.Release|Any CPU.ActiveCfg = Release|Any CPU
		{D1CBFC79-8A31-4E7D-A692-8B6D54FF61EC}.Release|Any CPU.Build.0 = Release|Any CPU
	EndGlobalSection
	GlobalSection(SolutionProperties) = preSolution
		HideSolutionNode = FALSE
	EndGlobalSection
	GlobalSection(ExtensibilityGlobals) = postSolution
		SolutionGuid = {A111E9E9-A6B3-46BB-8190-C7B47F8079B1}
	EndGlobalSection
EndGlobal
